
Microsoft Visual Studio Solution File, Format Version 12.00
# Visual Studio Version 16
VisualStudioVersion = 16.0.31019.35
MinimumVisualStudioVersion = 10.0.40219.1
Project("{FAE04EC0-301F-11D3-BF4B-00C04F79EFBC}") = "TakeALot", "TakeALot\TakeALot.csproj", "{5B0A2704-C2D5-4907-83EF-322AA6BFA33A}"
EndProject
Global
	GlobalSection(SolutionConfigurationPlatforms) = preSolution
		Debug|Any CPU = Debug|Any CPU
		Release|Any CPU = Release|Any CPU
	EndGlobalSection
	GlobalSection(ProjectConfigurationPlatforms) = postSolution
		{5B0A2704-C2D5-4907-83EF-322AA6BFA33A}.Debug|Any CPU.ActiveCfg = Debug|Any CPU
		{5B0A2704-C2D5-4907-83EF-322AA6BFA33A}.Debug|Any CPU.Build.0 = Debug|Any CPU
		{5B0A2704-C2D5-4907-83EF-322AA6BFA33A}.Release|Any CPU.ActiveCfg = Release|Any CPU
		{5B0A2704-C2D5-4907-83EF-322AA6BFA33A}.Release|Any CPU.Build.0 = Release|Any CPU
	EndGlobalSection
	GlobalSection(SolutionProperties) = preSolution
		HideSolutionNode = FALSE
	EndGlobalSection
	GlobalSection(ExtensibilityGlobals) = postSolution
		SolutionGuid = {95B13A62-B9ED-4281-915E-A7803AD96B02}
	EndGlobalSection
EndGlobal
